
Microsoft Visual Studio Solution File, Format Version 12.00
# Visual Studio Version 17
VisualStudioVersion = 17.3.32929.385
MinimumVisualStudioVersion = 10.0.40219.1
Project("{FAE04EC0-301F-11D3-BF4B-00C04F79EFBC}") = "ClientWPF", "ClientWPF\ClientWPF.csproj", "{E31316CB-8A85-4A3E-9331-8351323A1ECD}"
EndProject
Project("{FAE04EC0-301F-11D3-BF4B-00C04F79EFBC}") = "ModelsLibrary", "ModelsLibrary\ModelsLibrary.csproj", "{563B8610-978D-416C-B306-0763137E5E53}"
EndProject
Project("{FAE04EC0-301F-11D3-BF4B-00C04F79EFBC}") = "FileLibrary", "FileLibrary\FileLibrary.csproj", "{C344B710-556E-4413-8FD9-93746FAC3AF1}"
EndProject
Project("{FAE04EC0-301F-11D3-BF4B-00C04F79EFBC}") = "HashGenerators", "HashGenerators\HashGenerators.csproj", "{98E26B19-6889-45E3-92F3-C1347B868B58}"
EndProject
Global
	GlobalSection(SolutionConfigurationPlatforms) = preSolution
		Debug|Any CPU = Debug|Any CPU
		Release|Any CPU = Release|Any CPU
	EndGlobalSection
	GlobalSection(ProjectConfigurationPlatforms) = postSolution
		{E31316CB-8A85-4A3E-9331-8351323A1ECD}.Debug|Any CPU.ActiveCfg = Debug|Any CPU
		{E31316CB-8A85-4A3E-9331-8351323A1ECD}.Debug|Any CPU.Build.0 = Debug|Any CPU
		{E31316CB-8A85-4A3E-9331-8351323A1ECD}.Release|Any CPU.ActiveCfg = Release|Any CPU
		{E31316CB-8A85-4A3E-9331-8351323A1ECD}.Release|Any CPU.Build.0 = Release|Any CPU
		{563B8610-978D-416C-B306-0763137E5E53}.Debug|Any CPU.ActiveCfg = Debug|Any CPU
		{563B8610-978D-416C-B306-0763137E5E53}.Debug|Any CPU.Build.0 = Debug|Any CPU
		{563B8610-978D-416C-B306-0763137E5E53}.Release|Any CPU.ActiveCfg = Release|Any CPU
		{563B8610-978D-416C-B306-0763137E5E53}.Release|Any CPU.Build.0 = Release|Any CPU
		{C344B710-556E-4413-8FD9-93746FAC3AF1}.Debug|Any CPU.ActiveCfg = Debug|Any CPU
		{C344B710-556E-4413-8FD9-93746FAC3AF1}.Debug|Any CPU.Build.0 = Debug|Any CPU
		{C344B710-556E-4413-8FD9-93746FAC3AF1}.Release|Any CPU.ActiveCfg = Release|Any CPU
		{C344B710-556E-4413-8FD9-93746FAC3AF1}.Release|Any CPU.Build.0 = Release|Any CPU
		{98E26B19-6889-45E3-92F3-C1347B868B58}.Debug|Any CPU.ActiveCfg = Debug|Any CPU
		{98E26B19-6889-45E3-92F3-C1347B868B58}.Debug|Any CPU.Build.0 = Debug|Any CPU
		{98E26B19-6889-45E3-92F3-C1347B868B58}.Release|Any CPU.ActiveCfg = Release|Any CPU
		{98E26B19-6889-45E3-92F3-C1347B868B58}.Release|Any CPU.Build.0 = Release|Any CPU
	EndGlobalSection
	GlobalSection(SolutionProperties) = preSolution
		HideSolutionNode = FALSE
	EndGlobalSection
	GlobalSection(ExtensibilityGlobals) = postSolution
		SolutionGuid = {E865B7C0-2E0A-4AFA-9A82-13A4C59928D7}
	EndGlobalSection
EndGlobal
